
Microsoft Visual Studio Solution File, Format Version 12.00
# Visual Studio Version 16
VisualStudioVersion = 16.0.31702.278
MinimumVisualStudioVersion = 10.0.40219.1
Project("{9A19103F-16F7-4668-BE54-9A1E7A4F7556}") = "DI.MVCTemplate", "DI.MVCTemplate.csproj", "{9E4BF085-A4FA-4494-8052-367E601B5487}"
EndProject
Project("{2150E333-8FDC-42A3-9474-1A3956D46DE8}") = "src", "src", "{B7BCD7FA-0B14-4441-87CB-A013BD648999}"
EndProject
Project("{2150E333-8FDC-42A3-9474-1A3956D46DE8}") = "template", "template", "{3C6F8B0D-8DCA-466F-9F1D-D44BFD1B94D5}"
	ProjectSection(SolutionItems) = preProject
		C:\Users\Dmitri\Documents\Visual Studio 2019\My Exported Templates\DI.MVCTemplate.zip = C:\Users\Dmitri\Documents\Visual Studio 2019\My Exported Templates\DI.MVCTemplate.zip
	EndProjectSection
EndProject
Global
	GlobalSection(SolutionConfigurationPlatforms) = preSolution
		Debug|Any CPU = Debug|Any CPU
		Release|Any CPU = Release|Any CPU
	EndGlobalSection
	GlobalSection(ProjectConfigurationPlatforms) = postSolution
		{9E4BF085-A4FA-4494-8052-367E601B5487}.Debug|Any CPU.ActiveCfg = Debug|Any CPU
		{9E4BF085-A4FA-4494-8052-367E601B5487}.Debug|Any CPU.Build.0 = Debug|Any CPU
		{9E4BF085-A4FA-4494-8052-367E601B5487}.Release|Any CPU.ActiveCfg = Release|Any CPU
		{9E4BF085-A4FA-4494-8052-367E601B5487}.Release|Any CPU.Build.0 = Release|Any CPU
	EndGlobalSection
	GlobalSection(SolutionProperties) = preSolution
		HideSolutionNode = FALSE
	EndGlobalSection
	GlobalSection(NestedProjects) = preSolution
		{9E4BF085-A4FA-4494-8052-367E601B5487} = {B7BCD7FA-0B14-4441-87CB-A013BD648999}
	EndGlobalSection
	GlobalSection(ExtensibilityGlobals) = postSolution
		SolutionGuid = {EC403194-1905-4308-B33C-57A9783B217E}
	EndGlobalSection
EndGlobal
